
Microsoft Visual Studio Solution File, Format Version 12.00
# Visual Studio Version 17
VisualStudioVersion = 17.13.35818.85
MinimumVisualStudioVersion = 10.0.40219.1
Project("{8BC9CEB8-8B4A-11D0-8D11-00A0C91BC942}") = "HelloWorld", "HelloWorld\HelloWorld.vcxproj", "{807D0E39-DA5E-436B-9EB6-A782849AE2E8}"
EndProject
Project("{8BC9CEB8-8B4A-11D0-8D11-00A0C91BC942}") = "ArrayTest", "ArrayTest\ArrayTest.vcxproj", "{2305EC83-4667-4539-8EC3-48825DDFA30D}"
EndProject
Project("{8BC9CEB8-8B4A-11D0-8D11-00A0C91BC942}") = "ListTest", "ListTest\ListTest.vcxproj", "{04651295-A059-488C-ADE9-86A5DB85ABA9}"
EndProject
Project("{8BC9CEB8-8B4A-11D0-8D11-00A0C91BC942}") = "StackTest", "StackTest\StackTest.vcxproj", "{5F010F96-2633-49B0-9390-EEB9F13843AE}"
EndProject
Project("{8BC9CEB8-8B4A-11D0-8D11-00A0C91BC942}") = "QueueTest", "QueueTest\QueueTest.vcxproj", "{100BF133-7749-4AF4-8B12-56464A9301F9}"
EndProject
Project("{8BC9CEB8-8B4A-11D0-8D11-00A0C91BC942}") = "RecursiveTest", "RecursiveTest\RecursiveTest.vcxproj", "{CF427EA2-7ECF-45AC-A6EB-19605048DA74}"
EndProject
Project("{8BC9CEB8-8B4A-11D0-8D11-00A0C91BC942}") = "SortTest", "SortTest\SortTest.vcxproj", "{B66E3112-395F-4D48-A03C-92A4C3255716}"
EndProject
Project("{8BC9CEB8-8B4A-11D0-8D11-00A0C91BC942}") = "TreeTest", "TreeTest\TreeTest.vcxproj", "{014ED703-9703-4D55-B32B-4AF0A2337271}"
EndProject
Global
	GlobalSection(SolutionConfigurationPlatforms) = preSolution
		Debug|x64 = Debug|x64
		Debug|x86 = Debug|x86
		Release|x64 = Release|x64
		Release|x86 = Release|x86
	EndGlobalSection
	GlobalSection(ProjectConfigurationPlatforms) = postSolution
		{807D0E39-DA5E-436B-9EB6-A782849AE2E8}.Debug|x64.ActiveCfg = Debug|x64
		{807D0E39-DA5E-436B-9EB6-A782849AE2E8}.Debug|x64.Build.0 = Debug|x64
		{807D0E39-DA5E-436B-9EB6-A782849AE2E8}.Debug|x86.ActiveCfg = Debug|Win32
		{807D0E39-DA5E-436B-9EB6-A782849AE2E8}.Debug|x86.Build.0 = Debug|Win32
		{807D0E39-DA5E-436B-9EB6-A782849AE2E8}.Release|x64.ActiveCfg = Release|x64
		{807D0E39-DA5E-436B-9EB6-A782849AE2E8}.Release|x64.Build.0 = Release|x64
		{807D0E39-DA5E-436B-9EB6-A782849AE2E8}.Release|x86.ActiveCfg = Release|Win32
		{807D0E39-DA5E-436B-9EB6-A782849AE2E8}.Release|x86.Build.0 = Release|Win32
		{2305EC83-4667-4539-8EC3-48825DDFA30D}.Debug|x64.ActiveCfg = Debug|x64
		{2305EC83-4667-4539-8EC3-48825DDFA30D}.Debug|x64.Build.0 = Debug|x64
		{2305EC83-4667-4539-8EC3-48825DDFA30D}.Debug|x86.ActiveCfg = Debug|Win32
		{2305EC83-4667-4539-8EC3-48825DDFA30D}.Debug|x86.Build.0 = Debug|Win32
		{2305EC83-4667-4539-8EC3-48825DDFA30D}.Release|x64.ActiveCfg = Release|x64
		{2305EC83-4667-4539-8EC3-48825DDFA30D}.Release|x64.Build.0 = Release|x64
		{2305EC83-4667-4539-8EC3-48825DDFA30D}.Release|x86.ActiveCfg = Release|Win32
		{2305EC83-4667-4539-8EC3-48825DDFA30D}.Release|x86.Build.0 = Release|Win32
		{04651295-A059-488C-ADE9-86A5DB85ABA9}.Debug|x64.ActiveCfg = Debug|x64
		{04651295-A059-488C-ADE9-86A5DB85ABA9}.Debug|x64.Build.0 = Debug|x64
		{04651295-A059-488C-ADE9-86A5DB85ABA9}.Debug|x86.ActiveCfg = Debug|Win32
		{04651295-A059-488C-ADE9-86A5DB85ABA9}.Debug|x86.Build.0 = Debug|Win32
		{04651295-A059-488C-ADE9-86A5DB85ABA9}.Release|x64.ActiveCfg = Release|x64
		{04651295-A059-488C-ADE9-86A5DB85ABA9}.Release|x64.Build.0 = Release|x64
		{04651295-A059-488C-ADE9-86A5DB85ABA9}.Release|x86.ActiveCfg = Release|Win32
		{04651295-A059-488C-ADE9-86A5DB85ABA9}.Release|x86.Build.0 = Release|Win32
		{5F010F96-2633-49B0-9390-EEB9F13843AE}.Debug|x64.ActiveCfg = Debug|x64
		{5F010F96-2633-49B0-9390-EEB9F13843AE}.Debug|x64.Build.0 = Debug|x64
		{5F010F96-2633-49B0-9390-EEB9F13843AE}.Debug|x86.ActiveCfg = Debug|Win32
		{5F010F96-2633-49B0-9390-EEB9F13843AE}.Debug|x86.Build.0 = Debug|Win32
		{5F010F96-2633-49B0-9390-EEB9F13843AE}.Release|x64.ActiveCfg = Release|x64
		{5F010F96-2633-49B0-9390-EEB9F13843AE}.Release|x64.Build.0 = Release|x64
		{5F010F96-2633-49B0-9390-EEB9F13843AE}.Release|x86.ActiveCfg = Release|Win32
		{5F010F96-2633-49B0-9390-EEB9F13843AE}.Release|x86.Build.0 = Release|Win32
		{100BF133-7749-4AF4-8B12-56464A9301F9}.Debug|x64.ActiveCfg = Debug|x64
		{100BF133-7749-4AF4-8B12-56464A9301F9}.Debug|x64.Build.0 = Debug|x64
		{100BF133-7749-4AF4-8B12-56464A9301F9}.Debug|x86.ActiveCfg = Debug|Win32
		{100BF133-7749-4AF4-8B12-56464A9301F9}.Debug|x86.Build.0 = Debug|Win32
		{100BF133-7749-4AF4-8B12-56464A9301F9}.Release|x64.ActiveCfg = Release|x64
		{100BF133-7749-4AF4-8B12-56464A9301F9}.Release|x64.Build.0 = Release|x64
		{100BF133-7749-4AF4-8B12-56464A9301F9}.Release|x86.ActiveCfg = Release|Win32
		{100BF133-7749-4AF4-8B12-56464A9301F9}.Release|x86.Build.0 = Release|Win32
		{CF427EA2-7ECF-45AC-A6EB-19605048DA74}.Debug|x64.ActiveCfg = Debug|x64
		{CF427EA2-7ECF-45AC-A6EB-19605048DA74}.Debug|x64.Build.0 = Debug|x64
		{CF427EA2-7ECF-45AC-A6EB-19605048DA74}.Debug|x86.ActiveCfg = Debug|Win32
		{CF427EA2-7ECF-45AC-A6EB-19605048DA74}.Debug|x86.Build.0 = Debug|Win32
		{CF427EA2-7ECF-45AC-A6EB-19605048DA74}.Release|x64.ActiveCfg = Release|x64
		{CF427EA2-7ECF-45AC-A6EB-19605048DA74}.Release|x64.Build.0 = Release|x64
		{CF427EA2-7ECF-45AC-A6EB-19605048DA74}.Release|x86.ActiveCfg = Release|Win32
		{CF427EA2-7ECF-45AC-A6EB-19605048DA74}.Release|x86.Build.0 = Release|Win32
		{B66E3112-395F-4D48-A03C-92A4C3255716}.Debug|x64.ActiveCfg = Debug|x64
		{B66E3112-395F-4D48-A03C-92A4C3255716}.Debug|x64.Build.0 = Debug|x64
		{B66E3112-395F-4D48-A03C-92A4C3255716}.Debug|x86.ActiveCfg = Debug|Win32
		{B66E3112-395F-4D48-A03C-92A4C3255716}.Debug|x86.Build.0 = Debug|Win32
		{B66E3112-395F-4D48-A03C-92A4C3255716}.Release|x64.ActiveCfg = Release|x64
		{B66E3112-395F-4D48-A03C-92A4C3255716}.Release|x64.Build.0 = Release|x64
		{B66E3112-395F-4D48-A03C-92A4C3255716}.Release|x86.ActiveCfg = Release|Win32
		{B66E3112-395F-4D48-A03C-92A4C3255716}.Release|x86.Build.0 = Release|Win32
		{014ED703-9703-4D55-B32B-4AF0A2337271}.Debug|x64.ActiveCfg = Debug|x64
		{014ED703-9703-4D55-B32B-4AF0A2337271}.Debug|x64.Build.0 = Debug|x64
		{014ED703-9703-4D55-B32B-4AF0A2337271}.Debug|x86.ActiveCfg = Debug|Win32
		{014ED703-9703-4D55-B32B-4AF0A2337271}.Debug|x86.Build.0 = Debug|Win32
		{014ED703-9703-4D55-B32B-4AF0A2337271}.Release|x64.ActiveCfg = Release|x64
		{014ED703-9703-4D55-B32B-4AF0A2337271}.Release|x64.Build.0 = Release|x64
		{014ED703-9703-4D55-B32B-4AF0A2337271}.Release|x86.ActiveCfg = Release|Win32
		{014ED703-9703-4D55-B32B-4AF0A2337271}.Release|x86.Build.0 = Release|Win32
	EndGlobalSection
	GlobalSection(SolutionProperties) = preSolution
		HideSolutionNode = FALSE
	EndGlobalSection
	GlobalSection(ExtensibilityGlobals) = postSolution
		SolutionGuid = {FB768516-2620-4F4A-99CD-7D28916E93EC}
	EndGlobalSection
EndGlobal
